
Microsoft Visual Studio Solution File, Format Version 12.00
# Visual Studio Version 16
VisualStudioVersion = 16.0.30320.27
MinimumVisualStudioVersion = 10.0.40219.1
Project("{FAE04EC0-301F-11D3-BF4B-00C04F79EFBC}") = "TestNinja", "TestNinja\TestNinja.csproj", "{72EA6782-F07E-4151-8F7E-FD867A23E8E8}"
EndProject
Project("{FAE04EC0-301F-11D3-BF4B-00C04F79EFBC}") = "TestNinja.UnitTests", "TestNinja.UnitTests\TestNinja.UnitTests.csproj", "{67A6458C-5AB8-4A85-A4F3-5E70ABE7EC88}"
EndProject
Global
	GlobalSection(SolutionConfigurationPlatforms) = preSolution
		Debug|Any CPU = Debug|Any CPU
		Release|Any CPU = Release|Any CPU
	EndGlobalSection
	GlobalSection(ProjectConfigurationPlatforms) = postSolution
		{72EA6782-F07E-4151-8F7E-FD867A23E8E8}.Debug|Any CPU.ActiveCfg = Debug|Any CPU
		{72EA6782-F07E-4151-8F7E-FD867A23E8E8}.Debug|Any CPU.Build.0 = Debug|Any CPU
		{72EA6782-F07E-4151-8F7E-FD867A23E8E8}.Release|Any CPU.ActiveCfg = Release|Any CPU
		{72EA6782-F07E-4151-8F7E-FD867A23E8E8}.Release|Any CPU.Build.0 = Release|Any CPU
		{67A6458C-5AB8-4A85-A4F3-5E70ABE7EC88}.Debug|Any CPU.ActiveCfg = Debug|Any CPU
		{67A6458C-5AB8-4A85-A4F3-5E70ABE7EC88}.Debug|Any CPU.Build.0 = Debug|Any CPU
		{67A6458C-5AB8-4A85-A4F3-5E70ABE7EC88}.Release|Any CPU.ActiveCfg = Release|Any CPU
		{67A6458C-5AB8-4A85-A4F3-5E70ABE7EC88}.Release|Any CPU.Build.0 = Release|Any CPU
	EndGlobalSection
	GlobalSection(SolutionProperties) = preSolution
		HideSolutionNode = FALSE
	EndGlobalSection
	GlobalSection(ExtensibilityGlobals) = postSolution
		SolutionGuid = {9CB05F33-81A9-47A5-807B-3EC13F22EA36}
	EndGlobalSection
EndGlobal
